
Microsoft Visual Studio Solution File, Format Version 12.00
# Visual Studio Version 16
VisualStudioVersion = 16.0.28803.452
MinimumVisualStudioVersion = 10.0.40219.1
Project("{FAE04EC0-301F-11D3-BF4B-00C04F79EFBC}") = "m-tools", "m-tools\m-tools.csproj", "{971C7327-E7D2-4F65-8903-C960F8424378}"
EndProject
Global
	GlobalSection(SolutionConfigurationPlatforms) = preSolution
		Debug|Any CPU = Debug|Any CPU
		Release|Any CPU = Release|Any CPU
	EndGlobalSection
	GlobalSection(ProjectConfigurationPlatforms) = postSolution
		{971C7327-E7D2-4F65-8903-C960F8424378}.Debug|Any CPU.ActiveCfg = Debug|Any CPU
		{971C7327-E7D2-4F65-8903-C960F8424378}.Debug|Any CPU.Build.0 = Debug|Any CPU
		{971C7327-E7D2-4F65-8903-C960F8424378}.Release|Any CPU.ActiveCfg = Release|Any CPU
		{971C7327-E7D2-4F65-8903-C960F8424378}.Release|Any CPU.Build.0 = Release|Any CPU
	EndGlobalSection
	GlobalSection(SolutionProperties) = preSolution
		HideSolutionNode = FALSE
	EndGlobalSection
	GlobalSection(ExtensibilityGlobals) = postSolution
		SolutionGuid = {28E325AA-A47D-47D6-9777-C09CA26D1990}
	EndGlobalSection
EndGlobal
